
Microsoft Visual Studio Solution File, Format Version 12.00
# Visual Studio Version 16
VisualStudioVersion = 16.0.30517.126
MinimumVisualStudioVersion = 10.0.40219.1
Project("{FAE04EC0-301F-11D3-BF4B-00C04F79EFBC}") = "AggiornaSoftware", "AggiornaSoftware\AggiornaSoftware.csproj", "{09B4E235-4179-496A-B97C-13DF2A299C1B}"
EndProject
Global
	GlobalSection(SolutionConfigurationPlatforms) = preSolution
		Debug|Any CPU = Debug|Any CPU
		Release|Any CPU = Release|Any CPU
	EndGlobalSection
	GlobalSection(ProjectConfigurationPlatforms) = postSolution
		{09B4E235-4179-496A-B97C-13DF2A299C1B}.Debug|Any CPU.ActiveCfg = Debug|Any CPU
		{09B4E235-4179-496A-B97C-13DF2A299C1B}.Debug|Any CPU.Build.0 = Debug|Any CPU
		{09B4E235-4179-496A-B97C-13DF2A299C1B}.Release|Any CPU.ActiveCfg = Release|Any CPU
		{09B4E235-4179-496A-B97C-13DF2A299C1B}.Release|Any CPU.Build.0 = Release|Any CPU
	EndGlobalSection
	GlobalSection(SolutionProperties) = preSolution
		HideSolutionNode = FALSE
	EndGlobalSection
	GlobalSection(ExtensibilityGlobals) = postSolution
		SolutionGuid = {FE4203F3-0BF8-42D9-B7A8-05059C4ECA29}
	EndGlobalSection
EndGlobal
